
Microsoft Visual Studio Solution File, Format Version 12.00
# Visual Studio 14
VisualStudioVersion = 14.0.25420.1
MinimumVisualStudioVersion = 10.0.40219.1
Project("{FAE04EC0-301F-11D3-BF4B-00C04F79EFBC}") = "Low Level Control", "Low Level Control\Low Level Control.csproj", "{E7FF28E5-92BA-4CA4-87F5-8A98D31F18AB}"
EndProject
Project("{FAE04EC0-301F-11D3-BF4B-00C04F79EFBC}") = "KeyLoggerSample", "KeyLoggerSample\KeyLoggerSample.csproj", "{9AD3BF5F-486F-4589-AD4B-76A1B8F87E74}"
EndProject
Global
	GlobalSection(SolutionConfigurationPlatforms) = preSolution
		Debug|Any CPU = Debug|Any CPU
		Release|Any CPU = Release|Any CPU
	EndGlobalSection
	GlobalSection(ProjectConfigurationPlatforms) = postSolution
		{E7FF28E5-92BA-4CA4-87F5-8A98D31F18AB}.Debug|Any CPU.ActiveCfg = Debug|Any CPU
		{E7FF28E5-92BA-4CA4-87F5-8A98D31F18AB}.Debug|Any CPU.Build.0 = Debug|Any CPU
		{E7FF28E5-92BA-4CA4-87F5-8A98D31F18AB}.Release|Any CPU.ActiveCfg = Release|Any CPU
		{E7FF28E5-92BA-4CA4-87F5-8A98D31F18AB}.Release|Any CPU.Build.0 = Release|Any CPU
		{9AD3BF5F-486F-4589-AD4B-76A1B8F87E74}.Debug|Any CPU.ActiveCfg = Debug|Any CPU
		{9AD3BF5F-486F-4589-AD4B-76A1B8F87E74}.Debug|Any CPU.Build.0 = Debug|Any CPU
		{9AD3BF5F-486F-4589-AD4B-76A1B8F87E74}.Release|Any CPU.ActiveCfg = Release|Any CPU
		{9AD3BF5F-486F-4589-AD4B-76A1B8F87E74}.Release|Any CPU.Build.0 = Release|Any CPU
	EndGlobalSection
	GlobalSection(SolutionProperties) = preSolution
		HideSolutionNode = FALSE
	EndGlobalSection
EndGlobal
